// !$*UTF8*$!
{
	archiveVersion = 1;
	classes = {
	};
	objectVersion = 51;
	objects = {

/* Begin PBXBuildFile section */
		A2513D191C9C1074844D12B8 /* Pods_HHSuperAdmin.framework in Frameworks */ = {isa = PBXBuildFile; fileRef = A9F3CEED07CA134877B468D4 /* Pods_HHSuperAdmin.framework */; };
		F003CEE02520C40400AFA802 /* CompanyAccountsDashboard.swift in Sources */ = {isa = PBXBuildFile; fileRef = F003CEDF2520C40400AFA802 /* CompanyAccountsDashboard.swift */; };
		F04E060E251EB60F00175CAA /* Constants.swift in Sources */ = {isa = PBXBuildFile; fileRef = F04E060D251EB60F00175CAA /* Constants.swift */; };
		F04E0611251EB80A00175CAA /* Dashboard.swift in Sources */ = {isa = PBXBuildFile; fileRef = F04E0610251EB80A00175CAA /* Dashboard.swift */; };
		F04E0614251EBB7200175CAA /* Navigation.swift in Sources */ = {isa = PBXBuildFile; fileRef = F04E0613251EBB7200175CAA /* Navigation.swift */; };
		F04E0617251EBFE600175CAA /* ConfigurationManager.swift in Sources */ = {isa = PBXBuildFile; fileRef = F04E0616251EBFE600175CAA /* ConfigurationManager.swift */; };
		F04E061A251EC22D00175CAA /* ConfigurationSetup.swift in Sources */ = {isa = PBXBuildFile; fileRef = F04E0619251EC22D00175CAA /* ConfigurationSetup.swift */; };
		F04E061F251EC58400175CAA /* Utilities.swift in Sources */ = {isa = PBXBuildFile; fileRef = F04E061E251EC58400175CAA /* Utilities.swift */; };
		F05908E7251F274F00B42655 /* DataManagementDashboard.swift in Sources */ = {isa = PBXBuildFile; fileRef = F05908E6251F274F00B42655 /* DataManagementDashboard.swift */; };
		F05908EB251F28CF00B42655 /* CandidatesDashboard.swift in Sources */ = {isa = PBXBuildFile; fileRef = F05908EA251F28CF00B42655 /* CandidatesDashboard.swift */; };
		F05908EF251F28F100B42655 /* RolesDashboard.swift in Sources */ = {isa = PBXBuildFile; fileRef = F05908EE251F28F100B42655 /* RolesDashboard.swift */; };
		F05908F2251F2BE800B42655 /* BackendModels.swift in Sources */ = {isa = PBXBuildFile; fileRef = F05908F1251F2BE800B42655 /* BackendModels.swift */; };
		F05908F5251F3C0700B42655 /* CandidateForm.swift in Sources */ = {isa = PBXBuildFile; fileRef = F05908F4251F3C0700B42655 /* CandidateForm.swift */; };
		F0789CDC251EF04700E9756D /* DataCleanupDashboard.swift in Sources */ = {isa = PBXBuildFile; fileRef = F0789CDB251EF04700E9756D /* DataCleanupDashboard.swift */; };
		F0789CDF251EF5E700E9756D /* CompanySetup.swift in Sources */ = {isa = PBXBuildFile; fileRef = F0789CDE251EF5E700E9756D /* CompanySetup.swift */; };
		F098D4EA2520809900F24ED0 /* BackendAPI.swift in Sources */ = {isa = PBXBuildFile; fileRef = F098D4E92520809900F24ED0 /* BackendAPI.swift */; };
		F0E35DC9251E1E8000A51B01 /* HHSuperAdminApp.swift in Sources */ = {isa = PBXBuildFile; fileRef = F0E35DC8251E1E8000A51B01 /* HHSuperAdminApp.swift */; };
		F0E35DCB251E1E8000A51B01 /* ContentView.swift in Sources */ = {isa = PBXBuildFile; fileRef = F0E35DCA251E1E8000A51B01 /* ContentView.swift */; };
		F0E35DCD251E1E8200A51B01 /* Assets.xcassets in Resources */ = {isa = PBXBuildFile; fileRef = F0E35DCC251E1E8200A51B01 /* Assets.xcassets */; };
		F0E35DD0251E1E8200A51B01 /* Preview Assets.xcassets in Resources */ = {isa = PBXBuildFile; fileRef = F0E35DCF251E1E8200A51B01 /* Preview Assets.xcassets */; };
/* End PBXBuildFile section */

/* Begin PBXFileReference section */
		27B3E96E6FF8E499A7F7C833 /* Pods-HHSuperAdmin.debug.xcconfig */ = {isa = PBXFileReference; includeInIndex = 1; lastKnownFileType = text.xcconfig; name = "Pods-HHSuperAdmin.debug.xcconfig"; path = "Target Support Files/Pods-HHSuperAdmin/Pods-HHSuperAdmin.debug.xcconfig"; sourceTree = "<group>"; };
		4015F5495AA4754A98E9BB40 /* Pods-HHSuperAdmin.release.xcconfig */ = {isa = PBXFileReference; includeInIndex = 1; lastKnownFileType = text.xcconfig; name = "Pods-HHSuperAdmin.release.xcconfig"; path = "Target Support Files/Pods-HHSuperAdmin/Pods-HHSuperAdmin.release.xcconfig"; sourceTree = "<group>"; };
		A9F3CEED07CA134877B468D4 /* Pods_HHSuperAdmin.framework */ = {isa = PBXFileReference; explicitFileType = wrapper.framework; includeInIndex = 0; path = Pods_HHSuperAdmin.framework; sourceTree = BUILT_PRODUCTS_DIR; };
		F003CEDF2520C40400AFA802 /* CompanyAccountsDashboard.swift */ = {isa = PBXFileReference; lastKnownFileType = sourcecode.swift; path = CompanyAccountsDashboard.swift; sourceTree = "<group>"; };
		F04E060D251EB60F00175CAA /* Constants.swift */ = {isa = PBXFileReference; lastKnownFileType = sourcecode.swift; path = Constants.swift; sourceTree = "<group>"; };
		F04E0610251EB80A00175CAA /* Dashboard.swift */ = {isa = PBXFileReference; lastKnownFileType = sourcecode.swift; path = Dashboard.swift; sourceTree = "<group>"; };
		F04E0613251EBB7200175CAA /* Navigation.swift */ = {isa = PBXFileReference; lastKnownFileType = sourcecode.swift; path = Navigation.swift; sourceTree = "<group>"; };
		F04E0616251EBFE600175CAA /* ConfigurationManager.swift */ = {isa = PBXFileReference; lastKnownFileType = sourcecode.swift; path = ConfigurationManager.swift; sourceTree = "<group>"; };
		F04E0619251EC22D00175CAA /* ConfigurationSetup.swift */ = {isa = PBXFileReference; lastKnownFileType = sourcecode.swift; path = ConfigurationSetup.swift; sourceTree = "<group>"; };
		F04E061E251EC58400175CAA /* Utilities.swift */ = {isa = PBXFileReference; lastKnownFileType = sourcecode.swift; path = Utilities.swift; sourceTree = "<group>"; };
		F05908E6251F274F00B42655 /* DataManagementDashboard.swift */ = {isa = PBXFileReference; lastKnownFileType = sourcecode.swift; path = DataManagementDashboard.swift; sourceTree = "<group>"; };
		F05908EA251F28CF00B42655 /* CandidatesDashboard.swift */ = {isa = PBXFileReference; lastKnownFileType = sourcecode.swift; path = CandidatesDashboard.swift; sourceTree = "<group>"; };
		F05908EE251F28F100B42655 /* RolesDashboard.swift */ = {isa = PBXFileReference; lastKnownFileType = sourcecode.swift; path = RolesDashboard.swift; sourceTree = "<group>"; };
		F05908F1251F2BE800B42655 /* BackendModels.swift */ = {isa = PBXFileReference; lastKnownFileType = sourcecode.swift; path = BackendModels.swift; sourceTree = "<group>"; };
		F05908F4251F3C0700B42655 /* CandidateForm.swift */ = {isa = PBXFileReference; lastKnownFileType = sourcecode.swift; path = CandidateForm.swift; sourceTree = "<group>"; };
		F0789CDB251EF04700E9756D /* DataCleanupDashboard.swift */ = {isa = PBXFileReference; lastKnownFileType = sourcecode.swift; path = DataCleanupDashboard.swift; sourceTree = "<group>"; };
		F0789CDE251EF5E700E9756D /* CompanySetup.swift */ = {isa = PBXFileReference; lastKnownFileType = sourcecode.swift; path = CompanySetup.swift; sourceTree = "<group>"; };
		F098D4E92520809900F24ED0 /* BackendAPI.swift */ = {isa = PBXFileReference; lastKnownFileType = sourcecode.swift; path = BackendAPI.swift; sourceTree = "<group>"; };
		F0E35DC5251E1E8000A51B01 /* HHSuperAdmin.app */ = {isa = PBXFileReference; explicitFileType = wrapper.application; includeInIndex = 0; path = HHSuperAdmin.app; sourceTree = BUILT_PRODUCTS_DIR; };
		F0E35DC8251E1E8000A51B01 /* HHSuperAdminApp.swift */ = {isa = PBXFileReference; lastKnownFileType = sourcecode.swift; path = HHSuperAdminApp.swift; sourceTree = "<group>"; };
		F0E35DCA251E1E8000A51B01 /* ContentView.swift */ = {isa = PBXFileReference; lastKnownFileType = sourcecode.swift; path = ContentView.swift; sourceTree = "<group>"; };
		F0E35DCC251E1E8200A51B01 /* Assets.xcassets */ = {isa = PBXFileReference; lastKnownFileType = folder.assetcatalog; path = Assets.xcassets; sourceTree = "<group>"; };
		F0E35DCF251E1E8200A51B01 /* Preview Assets.xcassets */ = {isa = PBXFileReference; lastKnownFileType = folder.assetcatalog; path = "Preview Assets.xcassets"; sourceTree = "<group>"; };
		F0E35DD1251E1E8200A51B01 /* Info.plist */ = {isa = PBXFileReference; lastKnownFileType = text.plist.xml; path = Info.plist; sourceTree = "<group>"; };
/* End PBXFileReference section */

/* Begin PBXFrameworksBuildPhase section */
		F0E35DC2251E1E8000A51B01 /* Frameworks */ = {
			isa = PBXFrameworksBuildPhase;
			buildActionMask = 2147483647;
			files = (
				A2513D191C9C1074844D12B8 /* Pods_HHSuperAdmin.framework in Frameworks */,
			);
			runOnlyForDeploymentPostprocessing = 0;
		};
/* End PBXFrameworksBuildPhase section */

/* Begin PBXGroup section */
		186A31FAE186A66BC3D9F75A /* Pods */ = {
			isa = PBXGroup;
			children = (
				27B3E96E6FF8E499A7F7C833 /* Pods-HHSuperAdmin.debug.xcconfig */,
				4015F5495AA4754A98E9BB40 /* Pods-HHSuperAdmin.release.xcconfig */,
			);
			path = Pods;
			sourceTree = "<group>";
		};
		5B316286DD37C97F85D7E235 /* Frameworks */ = {
			isa = PBXGroup;
			children = (
				A9F3CEED07CA134877B468D4 /* Pods_HHSuperAdmin.framework */,
			);
			name = Frameworks;
			sourceTree = "<group>";
		};
		F04E05FF251EB1BA00175CAA /* Models */ = {
			isa = PBXGroup;
			children = (
				F04E0616251EBFE600175CAA /* ConfigurationManager.swift */,
				F05908F1251F2BE800B42655 /* BackendModels.swift */,
				F098D4E92520809900F24ED0 /* BackendAPI.swift */,
			);
			path = Models;
			sourceTree = "<group>";
		};
		F04E0600251EB1C100175CAA /* Views */ = {
			isa = PBXGroup;
			children = (
				F04E0619251EC22D00175CAA /* ConfigurationSetup.swift */,
				F04E0610251EB80A00175CAA /* Dashboard.swift */,
				F04E0613251EBB7200175CAA /* Navigation.swift */,
				F0789CDE251EF5E700E9756D /* CompanySetup.swift */,
				F0789CDB251EF04700E9756D /* DataCleanupDashboard.swift */,
				F05908E6251F274F00B42655 /* DataManagementDashboard.swift */,
				F05908E9251F289400B42655 /* DataManagementDashboard */,
			);
			path = Views;
			sourceTree = "<group>";
		};
		F05908E9251F289400B42655 /* DataManagementDashboard */ = {
			isa = PBXGroup;
			children = (
				F05908EA251F28CF00B42655 /* CandidatesDashboard.swift */,
				F05908F4251F3C0700B42655 /* CandidateForm.swift */,
				F05908EE251F28F100B42655 /* RolesDashboard.swift */,
				F003CEDF2520C40400AFA802 /* CompanyAccountsDashboard.swift */,
			);
			path = DataManagementDashboard;
			sourceTree = "<group>";
		};
		F0E35DBC251E1E8000A51B01 = {
			isa = PBXGroup;
			children = (
				F0E35DC7251E1E8000A51B01 /* HHSuperAdmin */,
				F0E35DC6251E1E8000A51B01 /* Products */,
				186A31FAE186A66BC3D9F75A /* Pods */,
				5B316286DD37C97F85D7E235 /* Frameworks */,
			);
			sourceTree = "<group>";
		};
		F0E35DC6251E1E8000A51B01 /* Products */ = {
			isa = PBXGroup;
			children = (
				F0E35DC5251E1E8000A51B01 /* HHSuperAdmin.app */,
			);
			name = Products;
			sourceTree = "<group>";
		};
		F0E35DC7251E1E8000A51B01 /* HHSuperAdmin */ = {
			isa = PBXGroup;
			children = (
				F0E35DC8251E1E8000A51B01 /* HHSuperAdminApp.swift */,
				F0E35DCA251E1E8000A51B01 /* ContentView.swift */,
				F04E060D251EB60F00175CAA /* Constants.swift */,
				F04E061E251EC58400175CAA /* Utilities.swift */,
				F04E05FF251EB1BA00175CAA /* Models */,
				F04E0600251EB1C100175CAA /* Views */,
				F0E35DCC251E1E8200A51B01 /* Assets.xcassets */,
				F0E35DD1251E1E8200A51B01 /* Info.plist */,
				F0E35DCE251E1E8200A51B01 /* Preview Content */,
			);
			path = HHSuperAdmin;
			sourceTree = "<group>";
		};
		F0E35DCE251E1E8200A51B01 /* Preview Content */ = {
			isa = PBXGroup;
			children = (
				F0E35DCF251E1E8200A51B01 /* Preview Assets.xcassets */,
			);
			path = "Preview Content";
			sourceTree = "<group>";
		};
/* End PBXGroup section */

/* Begin PBXNativeTarget section */
		F0E35DC4251E1E8000A51B01 /* HHSuperAdmin */ = {
			isa = PBXNativeTarget;
			buildConfigurationList = F0E35DD4251E1E8200A51B01 /* Build configuration list for PBXNativeTarget "HHSuperAdmin" */;
			buildPhases = (
				CCE12FA9F6F36DBE9EBEC2E0 /* [CP] Check Pods Manifest.lock */,
				F0E35DC1251E1E8000A51B01 /* Sources */,
				F0E35DC2251E1E8000A51B01 /* Frameworks */,
				F0E35DC3251E1E8000A51B01 /* Resources */,
				5C6349EB800DEDD956AF55B0 /* [CP] Embed Pods Frameworks */,
			);
			buildRules = (
			);
			dependencies = (
			);
			name = HHSuperAdmin;
			productName = HHSuperAdmin;
			productReference = F0E35DC5251E1E8000A51B01 /* HHSuperAdmin.app */;
			productType = "com.apple.product-type.application";
		};
/* End PBXNativeTarget section */

/* Begin PBXProject section */
		F0E35DBD251E1E8000A51B01 /* Project object */ = {
			isa = PBXProject;
			attributes = {
				LastSwiftUpdateCheck = 1200;
				LastUpgradeCheck = 1200;
				TargetAttributes = {
					F0E35DC4251E1E8000A51B01 = {
						CreatedOnToolsVersion = 12.0.1;
					};
				};
			};
			buildConfigurationList = F0E35DC0251E1E8000A51B01 /* Build configuration list for PBXProject "HHSuperAdmin" */;
			compatibilityVersion = "Xcode 9.3";
			developmentRegion = en;
			hasScannedForEncodings = 0;
			knownRegions = (
				en,
				Base,
			);
			mainGroup = F0E35DBC251E1E8000A51B01;
			productRefGroup = F0E35DC6251E1E8000A51B01 /* Products */;
			projectDirPath = "";
			projectRoot = "";
			targets = (
				F0E35DC4251E1E8000A51B01 /* HHSuperAdmin */,
			);
		};
/* End PBXProject section */

/* Begin PBXResourcesBuildPhase section */
		F0E35DC3251E1E8000A51B01 /* Resources */ = {
			isa = PBXResourcesBuildPhase;
			buildActionMask = 2147483647;
			files = (
				F0E35DD0251E1E8200A51B01 /* Preview Assets.xcassets in Resources */,
				F0E35DCD251E1E8200A51B01 /* Assets.xcassets in Resources */,
			);
			runOnlyForDeploymentPostprocessing = 0;
		};
/* End PBXResourcesBuildPhase section */

/* Begin PBXShellScriptBuildPhase section */
		5C6349EB800DEDD956AF55B0 /* [CP] Embed Pods Frameworks */ = {
			isa = PBXShellScriptBuildPhase;
			buildActionMask = 2147483647;
			files = (
			);
			inputFileListPaths = (
				"${PODS_ROOT}/Target Support Files/Pods-HHSuperAdmin/Pods-HHSuperAdmin-frameworks-${CONFIGURATION}-input-files.xcfilelist",
			);
			name = "[CP] Embed Pods Frameworks";
			outputFileListPaths = (
				"${PODS_ROOT}/Target Support Files/Pods-HHSuperAdmin/Pods-HHSuperAdmin-frameworks-${CONFIGURATION}-output-files.xcfilelist",
			);
			runOnlyForDeploymentPostprocessing = 0;
			shellPath = /bin/sh;
			shellScript = "\"${PODS_ROOT}/Target Support Files/Pods-HHSuperAdmin/Pods-HHSuperAdmin-frameworks.sh\"\n";
			showEnvVarsInLog = 0;
		};
		CCE12FA9F6F36DBE9EBEC2E0 /* [CP] Check Pods Manifest.lock */ = {
			isa = PBXShellScriptBuildPhase;
			buildActionMask = 2147483647;
			files = (
			);
			inputFileListPaths = (
			);
			inputPaths = (
				"${PODS_PODFILE_DIR_PATH}/Podfile.lock",
				"${PODS_ROOT}/Manifest.lock",
			);
			name = "[CP] Check Pods Manifest.lock";
			outputFileListPaths = (
			);
			outputPaths = (
				"$(DERIVED_FILE_DIR)/Pods-HHSuperAdmin-checkManifestLockResult.txt",
			);
			runOnlyForDeploymentPostprocessing = 0;
			shellPath = /bin/sh;
			shellScript = "diff \"${PODS_PODFILE_DIR_PATH}/Podfile.lock\" \"${PODS_ROOT}/Manifest.lock\" > /dev/null\nif [ $? != 0 ] ; then\n    # print error to STDERR\n    echo \"error: The sandbox is not in sync with the Podfile.lock. Run 'pod install' or update your CocoaPods installation.\" >&2\n    exit 1\nfi\n# This output is used by Xcode 'outputs' to avoid re-running this script phase.\necho \"SUCCESS\" > \"${SCRIPT_OUTPUT_FILE_0}\"\n";
			showEnvVarsInLog = 0;
		};
/* End PBXShellScriptBuildPhase section */

/* Begin PBXSourcesBuildPhase section */
		F0E35DC1251E1E8000A51B01 /* Sources */ = {
			isa = PBXSourcesBuildPhase;
			buildActionMask = 2147483647;
			files = (
				F05908F5251F3C0700B42655 /* CandidateForm.swift in Sources */,
				F0789CDC251EF04700E9756D /* DataCleanupDashboard.swift in Sources */,
				F04E0617251EBFE600175CAA /* ConfigurationManager.swift in Sources */,
				F04E060E251EB60F00175CAA /* Constants.swift in Sources */,
				F05908EB251F28CF00B42655 /* CandidatesDashboard.swift in Sources */,
				F04E0614251EBB7200175CAA /* Navigation.swift in Sources */,
				F0E35DCB251E1E8000A51B01 /* ContentView.swift in Sources */,
				F05908F2251F2BE800B42655 /* BackendModels.swift in Sources */,
				F003CEE02520C40400AFA802 /* CompanyAccountsDashboard.swift in Sources */,
				F0E35DC9251E1E8000A51B01 /* HHSuperAdminApp.swift in Sources */,
				F05908EF251F28F100B42655 /* RolesDashboard.swift in Sources */,
				F04E0611251EB80A00175CAA /* Dashboard.swift in Sources */,
				F05908E7251F274F00B42655 /* DataManagementDashboard.swift in Sources */,
				F0789CDF251EF5E700E9756D /* CompanySetup.swift in Sources */,
				F098D4EA2520809900F24ED0 /* BackendAPI.swift in Sources */,
				F04E061F251EC58400175CAA /* Utilities.swift in Sources */,
				F04E061A251EC22D00175CAA /* ConfigurationSetup.swift in Sources */,
			);
			runOnlyForDeploymentPostprocessing = 0;
		};
/* End PBXSourcesBuildPhase section */

/* Begin XCBuildConfiguration section */
		F0E35DD2251E1E8200A51B01 /* Debug */ = {
			isa = XCBuildConfiguration;
			buildSettings = {
				ALWAYS_SEARCH_USER_PATHS = NO;
				CLANG_ANALYZER_NONNULL = YES;
				CLANG_ANALYZER_NUMBER_OBJECT_CONVERSION = YES_AGGRESSIVE;
				CLANG_CXX_LANGUAGE_STANDARD = "gnu++14";
				CLANG_CXX_LIBRARY = "libc++";
				CLANG_ENABLE_MODULES = YES;
				CLANG_ENABLE_OBJC_ARC = YES;
				CLANG_ENABLE_OBJC_WEAK = YES;
				CLANG_WARN_BLOCK_CAPTURE_AUTORELEASING = YES;
				CLANG_WARN_BOOL_CONVERSION = YES;
				CLANG_WARN_COMMA = YES;
				CLANG_WARN_CONSTANT_CONVERSION = YES;
				CLANG_WARN_DEPRECATED_OBJC_IMPLEMENTATIONS = YES;
				CLANG_WARN_DIRECT_OBJC_ISA_USAGE = YES_ERROR;
				CLANG_WARN_DOCUMENTATION_COMMENTS = YES;
				CLANG_WARN_EMPTY_BODY = YES;
				CLANG_WARN_ENUM_CONVERSION = YES;
				CLANG_WARN_INFINITE_RECURSION = YES;
				CLANG_WARN_INT_CONVERSION = YES;
				CLANG_WARN_NON_LITERAL_NULL_CONVERSION = YES;
				CLANG_WARN_OBJC_IMPLICIT_RETAIN_SELF = YES;
				CLANG_WARN_OBJC_LITERAL_CONVERSION = YES;
				CLANG_WARN_OBJC_ROOT_CLASS = YES_ERROR;
				CLANG_WARN_QUOTED_INCLUDE_IN_FRAMEWORK_HEADER = YES;
				CLANG_WARN_RANGE_LOOP_ANALYSIS = YES;
				CLANG_WARN_STRICT_PROTOTYPES = YES;
				CLANG_WARN_SUSPICIOUS_MOVE = YES;
				CLANG_WARN_UNGUARDED_AVAILABILITY = YES_AGGRESSIVE;
				CLANG_WARN_UNREACHABLE_CODE = YES;
				CLANG_WARN__DUPLICATE_METHOD_MATCH = YES;
				COPY_PHASE_STRIP = NO;
				DEBUG_INFORMATION_FORMAT = dwarf;
				ENABLE_STRICT_OBJC_MSGSEND = YES;
				ENABLE_TESTABILITY = YES;
				GCC_C_LANGUAGE_STANDARD = gnu11;
				GCC_DYNAMIC_NO_PIC = NO;
				GCC_NO_COMMON_BLOCKS = YES;
				GCC_OPTIMIZATION_LEVEL = 0;
				GCC_PREPROCESSOR_DEFINITIONS = (
					"DEBUG=1",
					"$(inherited)",
				);
				GCC_WARN_64_TO_32_BIT_CONVERSION = YES;
				GCC_WARN_ABOUT_RETURN_TYPE = YES_ERROR;
				GCC_WARN_UNDECLARED_SELECTOR = YES;
				GCC_WARN_UNINITIALIZED_AUTOS = YES_AGGRESSIVE;
				GCC_WARN_UNUSED_FUNCTION = YES;
				GCC_WARN_UNUSED_VARIABLE = YES;
				IPHONEOS_DEPLOYMENT_TARGET = 14.0;
				MTL_ENABLE_DEBUG_INFO = INCLUDE_SOURCE;
				MTL_FAST_MATH = YES;
				ONLY_ACTIVE_ARCH = YES;
				SDKROOT = iphoneos;
				SWIFT_ACTIVE_COMPILATION_CONDITIONS = DEBUG;
				SWIFT_OPTIMIZATION_LEVEL = "-Onone";
			};
			name = Debug;
		};
		F0E35DD3251E1E8200A51B01 /* Release */ = {
			isa = XCBuildConfiguration;
			buildSettings = {
				ALWAYS_SEARCH_USER_PATHS = NO;
				CLANG_ANALYZER_NONNULL = YES;
				CLANG_ANALYZER_NUMBER_OBJECT_CONVERSION = YES_AGGRESSIVE;
				CLANG_CXX_LANGUAGE_STANDARD = "gnu++14";
				CLANG_CXX_LIBRARY = "libc++";
				CLANG_ENABLE_MODULES = YES;
				CLANG_ENABLE_OBJC_ARC = YES;
				CLANG_ENABLE_OBJC_WEAK = YES;
				CLANG_WARN_BLOCK_CAPTURE_AUTORELEASING = YES;
				CLANG_WARN_BOOL_CONVERSION = YES;
				CLANG_WARN_COMMA = YES;
				CLANG_WARN_CONSTANT_CONVERSION = YES;
				CLANG_WARN_DEPRECATED_OBJC_IMPLEMENTATIONS = YES;
				CLANG_WARN_DIRECT_OBJC_ISA_USAGE = YES_ERROR;
				CLANG_WARN_DOCUMENTATION_COMMENTS = YES;
				CLANG_WARN_EMPTY_BODY = YES;
				CLANG_WARN_ENUM_CONVERSION = YES;
				CLANG_WARN_INFINITE_RECURSION = YES;
				CLANG_WARN_INT_CONVERSION = YES;
				CLANG_WARN_NON_LITERAL_NULL_CONVERSION = YES;
				CLANG_WARN_OBJC_IMPLICIT_RETAIN_SELF = YES;
				CLANG_WARN_OBJC_LITERAL_CONVERSION = YES;
				CLANG_WARN_OBJC_ROOT_CLASS = YES_ERROR;
				CLANG_WARN_QUOTED_INCLUDE_IN_FRAMEWORK_HEADER = YES;
				CLANG_WARN_RANGE_LOOP_ANALYSIS = YES;
				CLANG_WARN_STRICT_PROTOTYPES = YES;
				CLANG_WARN_SUSPICIOUS_MOVE = YES;
				CLANG_WARN_UNGUARDED_AVAILABILITY = YES_AGGRESSIVE;
				CLANG_WARN_UNREACHABLE_CODE = YES;
				CLANG_WARN__DUPLICATE_METHOD_MATCH = YES;
				COPY_PHASE_STRIP = NO;
				DEBUG_INFORMATION_FORMAT = "dwarf-with-dsym";
				ENABLE_NS_ASSERTIONS = NO;
				ENABLE_STRICT_OBJC_MSGSEND = YES;
				GCC_C_LANGUAGE_STANDARD = gnu11;
				GCC_NO_COMMON_BLOCKS = YES;
				GCC_WARN_64_TO_32_BIT_CONVERSION = YES;
				GCC_WARN_ABOUT_RETURN_TYPE = YES_ERROR;
				GCC_WARN_UNDECLARED_SELECTOR = YES;
				GCC_WARN_UNINITIALIZED_AUTOS = YES_AGGRESSIVE;
				GCC_WARN_UNUSED_FUNCTION = YES;
				GCC_WARN_UNUSED_VARIABLE = YES;
				IPHONEOS_DEPLOYMENT_TARGET = 14.0;
				MTL_ENABLE_DEBUG_INFO = NO;
				MTL_FAST_MATH = YES;
				SDKROOT = iphoneos;
				SWIFT_COMPILATION_MODE = wholemodule;
				SWIFT_OPTIMIZATION_LEVEL = "-O";
				VALIDATE_PRODUCT = YES;
			};
			name = Release;
		};
		F0E35DD5251E1E8200A51B01 /* Debug */ = {
			isa = XCBuildConfiguration;
			baseConfigurationReference = 27B3E96E6FF8E499A7F7C833 /* Pods-HHSuperAdmin.debug.xcconfig */;
			buildSettings = {
				ASSETCATALOG_COMPILER_APPICON_NAME = AppIcon;
				ASSETCATALOG_COMPILER_GLOBAL_ACCENT_COLOR_NAME = AccentColor;
				CODE_SIGN_STYLE = Automatic;
				DEVELOPMENT_ASSET_PATHS = "\"HHSuperAdmin/Preview Content\"";
				DEVELOPMENT_TEAM = URYAKN64F7;
				ENABLE_PREVIEWS = YES;
				INFOPLIST_FILE = HHSuperAdmin/Info.plist;
				IPHONEOS_DEPLOYMENT_TARGET = 14.0;
				LD_RUNPATH_SEARCH_PATHS = (
					"$(inherited)",
					"@executable_path/Frameworks",
				);
				PRODUCT_BUNDLE_IDENTIFIER = info.startupbuilder.HHSuperAdmin;
				PRODUCT_NAME = "$(TARGET_NAME)";
				SWIFT_VERSION = 5.0;
				TARGETED_DEVICE_FAMILY = "1,2";
			};
			name = Debug;
		};
		F0E35DD6251E1E8200A51B01 /* Release */ = {
			isa = XCBuildConfiguration;
			baseConfigurationReference = 4015F5495AA4754A98E9BB40 /* Pods-HHSuperAdmin.release.xcconfig */;
			buildSettings = {
				ASSETCATALOG_COMPILER_APPICON_NAME = AppIcon;
				ASSETCATALOG_COMPILER_GLOBAL_ACCENT_COLOR_NAME = AccentColor;
				CODE_SIGN_STYLE = Automatic;
				DEVELOPMENT_ASSET_PATHS = "\"HHSuperAdmin/Preview Content\"";
				DEVELOPMENT_TEAM = URYAKN64F7;
				ENABLE_PREVIEWS = YES;
				INFOPLIST_FILE = HHSuperAdmin/Info.plist;
				IPHONEOS_DEPLOYMENT_TARGET = 14.0;
				LD_RUNPATH_SEARCH_PATHS = (
					"$(inherited)",
					"@executable_path/Frameworks",
				);
				PRODUCT_BUNDLE_IDENTIFIER = info.startupbuilder.HHSuperAdmin;
				PRODUCT_NAME = "$(TARGET_NAME)";
				SWIFT_VERSION = 5.0;
				TARGETED_DEVICE_FAMILY = "1,2";
			};
			name = Release;
		};
/* End XCBuildConfiguration section */

/* Begin XCConfigurationList section */
		F0E35DC0251E1E8000A51B01 /* Build configuration list for PBXProject "HHSuperAdmin" */ = {
			isa = XCConfigurationList;
			buildConfigurations = (
				F0E35DD2251E1E8200A51B01 /* Debug */,
				F0E35DD3251E1E8200A51B01 /* Release */,
			);
			defaultConfigurationIsVisible = 0;
			defaultConfigurationName = Release;
		};
		F0E35DD4251E1E8200A51B01 /* Build configuration list for PBXNativeTarget "HHSuperAdmin" */ = {
			isa = XCConfigurationList;
			buildConfigurations = (
				F0E35DD5251E1E8200A51B01 /* Debug */,
				F0E35DD6251E1E8200A51B01 /* Release */,
			);
			defaultConfigurationIsVisible = 0;
			defaultConfigurationName = Release;
		};
/* End XCConfigurationList section */
	};
	rootObject = F0E35DBD251E1E8000A51B01 /* Project object */;
}
